
Microsoft Visual Studio Solution File, Format Version 12.00
# Visual Studio 15
VisualStudioVersion = 15.0.26730.16
MinimumVisualStudioVersion = 10.0.40219.1
Project("{8BC9CEB8-8B4A-11D0-8D11-00A0C91BC942}") = "Vigenere", "Vigenere\Vigenere.vcxproj", "{7CEFEE98-2B34-4E01-9524-108CEF1F118E}"
EndProject
Global
	GlobalSection(SolutionConfigurationPlatforms) = preSolution
		Debug|x64 = Debug|x64
		Debug|x86 = Debug|x86
		Release|x64 = Release|x64
		Release|x86 = Release|x86
	EndGlobalSection
	GlobalSection(ProjectConfigurationPlatforms) = postSolution
		{7CEFEE98-2B34-4E01-9524-108CEF1F118E}.Debug|x64.ActiveCfg = Debug|x64
		{7CEFEE98-2B34-4E01-9524-108CEF1F118E}.Debug|x64.Build.0 = Debug|x64
		{7CEFEE98-2B34-4E01-9524-108CEF1F118E}.Debug|x86.ActiveCfg = Debug|Win32
		{7CEFEE98-2B34-4E01-9524-108CEF1F118E}.Debug|x86.Build.0 = Debug|Win32
		{7CEFEE98-2B34-4E01-9524-108CEF1F118E}.Release|x64.ActiveCfg = Release|x64
		{7CEFEE98-2B34-4E01-9524-108CEF1F118E}.Release|x64.Build.0 = Release|x64
		{7CEFEE98-2B34-4E01-9524-108CEF1F118E}.Release|x86.ActiveCfg = Release|Win32
		{7CEFEE98-2B34-4E01-9524-108CEF1F118E}.Release|x86.Build.0 = Release|Win32
	EndGlobalSection
	GlobalSection(SolutionProperties) = preSolution
		HideSolutionNode = FALSE
	EndGlobalSection
	GlobalSection(ExtensibilityGlobals) = postSolution
		SolutionGuid = {0F02F7F5-0DFE-4ECC-8B4A-17D1D7722DC4}
	EndGlobalSection
EndGlobal
